
Microsoft Visual Studio Solution File, Format Version 12.00
# Visual Studio Version 17
VisualStudioVersion = 17.6.33829.357
MinimumVisualStudioVersion = 10.0.40219.1
Project("{FAE04EC0-301F-11D3-BF4B-00C04F79EFBC}") = "hastane_procedur", "hastane_procedur\hastane_procedur.csproj", "{BCB26A9C-3152-4EB9-9E8F-B615CA52385E}"
EndProject
Global
	GlobalSection(SolutionConfigurationPlatforms) = preSolution
		Debug|Any CPU = Debug|Any CPU
		Release|Any CPU = Release|Any CPU
	EndGlobalSection
	GlobalSection(ProjectConfigurationPlatforms) = postSolution
		{BCB26A9C-3152-4EB9-9E8F-B615CA52385E}.Debug|Any CPU.ActiveCfg = Debug|Any CPU
		{BCB26A9C-3152-4EB9-9E8F-B615CA52385E}.Debug|Any CPU.Build.0 = Debug|Any CPU
		{BCB26A9C-3152-4EB9-9E8F-B615CA52385E}.Release|Any CPU.ActiveCfg = Release|Any CPU
		{BCB26A9C-3152-4EB9-9E8F-B615CA52385E}.Release|Any CPU.Build.0 = Release|Any CPU
	EndGlobalSection
	GlobalSection(SolutionProperties) = preSolution
		HideSolutionNode = FALSE
	EndGlobalSection
	GlobalSection(ExtensibilityGlobals) = postSolution
		SolutionGuid = {6A4A7AFB-3CBF-4A94-A14E-7B27F8377DB7}
	EndGlobalSection
EndGlobal
